
Microsoft Visual Studio Solution File, Format Version 12.00
# Visual Studio Version 17
VisualStudioVersion = 17.14.36212.18
MinimumVisualStudioVersion = 10.0.40219.1
Project("{FAE04EC0-301F-11D3-BF4B-00C04F79EFBC}") = "CreationalPatterns", "CreationalPatterns\CreationalPatterns.csproj", "{B1C88137-AA3B-41FF-93FC-4ABC2B09EC7D}"
EndProject
Project("{FAE04EC0-301F-11D3-BF4B-00C04F79EFBC}") = "BehavioralPatterns", "BehavioralPatterns\BehavioralPatterns.csproj", "{F9C173E3-FBE8-47FE-8BED-B695C4ABE51B}"
EndProject
Project("{FAE04EC0-301F-11D3-BF4B-00C04F79EFBC}") = "StructuralPatterns", "StructuralPatterns\StructuralPatterns.csproj", "{38168E2F-E2BA-4563-8E10-33429E14ADDE}"
EndProject
Global
	GlobalSection(SolutionConfigurationPlatforms) = preSolution
		Debug|Any CPU = Debug|Any CPU
		Release|Any CPU = Release|Any CPU
	EndGlobalSection
	GlobalSection(ProjectConfigurationPlatforms) = postSolution
		{B1C88137-AA3B-41FF-93FC-4ABC2B09EC7D}.Debug|Any CPU.ActiveCfg = Debug|Any CPU
		{B1C88137-AA3B-41FF-93FC-4ABC2B09EC7D}.Debug|Any CPU.Build.0 = Debug|Any CPU
		{B1C88137-AA3B-41FF-93FC-4ABC2B09EC7D}.Release|Any CPU.ActiveCfg = Release|Any CPU
		{B1C88137-AA3B-41FF-93FC-4ABC2B09EC7D}.Release|Any CPU.Build.0 = Release|Any CPU
		{F9C173E3-FBE8-47FE-8BED-B695C4ABE51B}.Debug|Any CPU.ActiveCfg = Debug|Any CPU
		{F9C173E3-FBE8-47FE-8BED-B695C4ABE51B}.Debug|Any CPU.Build.0 = Debug|Any CPU
		{F9C173E3-FBE8-47FE-8BED-B695C4ABE51B}.Release|Any CPU.ActiveCfg = Release|Any CPU
		{F9C173E3-FBE8-47FE-8BED-B695C4ABE51B}.Release|Any CPU.Build.0 = Release|Any CPU
		{38168E2F-E2BA-4563-8E10-33429E14ADDE}.Debug|Any CPU.ActiveCfg = Debug|Any CPU
		{38168E2F-E2BA-4563-8E10-33429E14ADDE}.Debug|Any CPU.Build.0 = Debug|Any CPU
		{38168E2F-E2BA-4563-8E10-33429E14ADDE}.Release|Any CPU.ActiveCfg = Release|Any CPU
		{38168E2F-E2BA-4563-8E10-33429E14ADDE}.Release|Any CPU.Build.0 = Release|Any CPU
	EndGlobalSection
	GlobalSection(SolutionProperties) = preSolution
		HideSolutionNode = FALSE
	EndGlobalSection
	GlobalSection(ExtensibilityGlobals) = postSolution
		SolutionGuid = {1CB809E7-DADF-4174-B009-D7617F965066}
	EndGlobalSection
EndGlobal
